
Microsoft Visual Studio Solution File, Format Version 12.00
# Visual Studio Version 17
VisualStudioVersion = 17.14.36414.22 d17.14
MinimumVisualStudioVersion = 10.0.40219.1
Project("{FAE04EC0-301F-11D3-BF4B-00C04F79EFBC}") = "MauiAppTicTacToe", "MauiAppTicTacToe.csproj", "{DA28BDEA-BC35-4920-B70E-41DA710D9A95}"
EndProject
Global
	GlobalSection(SolutionConfigurationPlatforms) = preSolution
		Debug|Any CPU = Debug|Any CPU
		Release|Any CPU = Release|Any CPU
	EndGlobalSection
	GlobalSection(ProjectConfigurationPlatforms) = postSolution
		{DA28BDEA-BC35-4920-B70E-41DA710D9A95}.Debug|Any CPU.ActiveCfg = Debug|Any CPU
		{DA28BDEA-BC35-4920-B70E-41DA710D9A95}.Debug|Any CPU.Build.0 = Debug|Any CPU
		{DA28BDEA-BC35-4920-B70E-41DA710D9A95}.Debug|Any CPU.Deploy.0 = Debug|Any CPU
		{DA28BDEA-BC35-4920-B70E-41DA710D9A95}.Release|Any CPU.ActiveCfg = Release|Any CPU
		{DA28BDEA-BC35-4920-B70E-41DA710D9A95}.Release|Any CPU.Build.0 = Release|Any CPU
		{DA28BDEA-BC35-4920-B70E-41DA710D9A95}.Release|Any CPU.Deploy.0 = Release|Any CPU
	EndGlobalSection
	GlobalSection(SolutionProperties) = preSolution
		HideSolutionNode = FALSE
	EndGlobalSection
	GlobalSection(ExtensibilityGlobals) = postSolution
		SolutionGuid = {EE98B6DD-B646-48A1-BA75-69A489302FD1}
	EndGlobalSection
EndGlobal
